
Microsoft Visual Studio Solution File, Format Version 12.00
# Visual Studio Version 16
VisualStudioVersion = 16.0.32126.315
MinimumVisualStudioVersion = 10.0.40219.1
Project("{FAE04EC0-301F-11D3-BF4B-00C04F79EFBC}") = "English_Learning_Website", "English_Learning_Website\English_Learning_Website.csproj", "{BA09C6B2-D3E8-4373-BD57-55571B961244}"
EndProject
Global
	GlobalSection(SolutionConfigurationPlatforms) = preSolution
		Debug|Any CPU = Debug|Any CPU
		Release|Any CPU = Release|Any CPU
	EndGlobalSection
	GlobalSection(ProjectConfigurationPlatforms) = postSolution
		{BA09C6B2-D3E8-4373-BD57-55571B961244}.Debug|Any CPU.ActiveCfg = Debug|Any CPU
		{BA09C6B2-D3E8-4373-BD57-55571B961244}.Debug|Any CPU.Build.0 = Debug|Any CPU
		{BA09C6B2-D3E8-4373-BD57-55571B961244}.Release|Any CPU.ActiveCfg = Release|Any CPU
		{BA09C6B2-D3E8-4373-BD57-55571B961244}.Release|Any CPU.Build.0 = Release|Any CPU
	EndGlobalSection
	GlobalSection(SolutionProperties) = preSolution
		HideSolutionNode = FALSE
	EndGlobalSection
	GlobalSection(ExtensibilityGlobals) = postSolution
		SolutionGuid = {9CB676DE-FE14-4704-B030-D5FD1CF34CC1}
	EndGlobalSection
EndGlobal
